{
    "requires": true,
    "lockfileVersion": 1,
    "dependencies": {
        "flatpickr": {
            "version": "4.6.1",
            "resolved": "https://registry.npmjs.org/flatpickr/-/flatpickr-4.6.1.tgz",
            "integrity": "sha512-3ULSxbXmcMIRzer/2jLNweoqHpwDvsjEawO2FUd9UFR8uPwLM+LruZcPDpuZStcEgbQKhuFOfXo4nYdGladSNw=="
        },
        "select2": {
            "version": "4.0.7",
            "resolved": "https://registry.npmjs.org/select2/-/select2-4.0.7.tgz",
            "integrity": "sha512-t46Z2nkEEYnBYdRpLNw5dj9qqO+YTiTlWKnpJ/B5e1Q3hPND00JRgcLJxYRzqpeLZd+ZkszkHEMagLKIfbTjVA=="
        }
    }
}
